
Microsoft Visual Studio Solution File, Format Version 12.00
# Visual Studio 15
VisualStudioVersion = 15.0.26403.7
MinimumVisualStudioVersion = 10.0.40219.1
Project("{FAE04EC0-301F-11D3-BF4B-00C04F79EFBC}") = "SystemInfoClient", "SystemInfoClient\SystemInfoClient.csproj", "{F3663650-1FC7-4829-B804-10C96F03900F}"
EndProject
Project("{FAE04EC0-301F-11D3-BF4B-00C04F79EFBC}") = "SystemInfo", "SystemInfo\SystemInfo.csproj", "{6973F60D-1428-438A-A2F0-5205D3078F05}"
EndProject
Project("{FAE04EC0-301F-11D3-BF4B-00C04F79EFBC}") = "SystemInfoServer", "SystemInfoServer\SystemInfoServer.csproj", "{235B99F4-59D5-4DCC-97A7-07AD2454E95C}"
EndProject
Project("{FAE04EC0-301F-11D3-BF4B-00C04F79EFBC}") = "Networning", "Networning\Networning.csproj", "{1BA92229-0890-4685-B623-C37F517B7DD9}"
EndProject
Global
	GlobalSection(SolutionConfigurationPlatforms) = preSolution
		Debug|Any CPU = Debug|Any CPU
		Release|Any CPU = Release|Any CPU
	EndGlobalSection
	GlobalSection(ProjectConfigurationPlatforms) = postSolution
		{F3663650-1FC7-4829-B804-10C96F03900F}.Debug|Any CPU.ActiveCfg = Debug|Any CPU
		{F3663650-1FC7-4829-B804-10C96F03900F}.Debug|Any CPU.Build.0 = Debug|Any CPU
		{F3663650-1FC7-4829-B804-10C96F03900F}.Release|Any CPU.ActiveCfg = Release|Any CPU
		{F3663650-1FC7-4829-B804-10C96F03900F}.Release|Any CPU.Build.0 = Release|Any CPU
		{6973F60D-1428-438A-A2F0-5205D3078F05}.Debug|Any CPU.ActiveCfg = Debug|Any CPU
		{6973F60D-1428-438A-A2F0-5205D3078F05}.Debug|Any CPU.Build.0 = Debug|Any CPU
		{6973F60D-1428-438A-A2F0-5205D3078F05}.Release|Any CPU.ActiveCfg = Release|Any CPU
		{6973F60D-1428-438A-A2F0-5205D3078F05}.Release|Any CPU.Build.0 = Release|Any CPU
		{235B99F4-59D5-4DCC-97A7-07AD2454E95C}.Debug|Any CPU.ActiveCfg = Debug|Any CPU
		{235B99F4-59D5-4DCC-97A7-07AD2454E95C}.Debug|Any CPU.Build.0 = Debug|Any CPU
		{235B99F4-59D5-4DCC-97A7-07AD2454E95C}.Release|Any CPU.ActiveCfg = Release|Any CPU
		{235B99F4-59D5-4DCC-97A7-07AD2454E95C}.Release|Any CPU.Build.0 = Release|Any CPU
		{1BA92229-0890-4685-B623-C37F517B7DD9}.Debug|Any CPU.ActiveCfg = Debug|Any CPU
		{1BA92229-0890-4685-B623-C37F517B7DD9}.Debug|Any CPU.Build.0 = Debug|Any CPU
		{1BA92229-0890-4685-B623-C37F517B7DD9}.Release|Any CPU.ActiveCfg = Release|Any CPU
		{1BA92229-0890-4685-B623-C37F517B7DD9}.Release|Any CPU.Build.0 = Release|Any CPU
	EndGlobalSection
	GlobalSection(SolutionProperties) = preSolution
		HideSolutionNode = FALSE
	EndGlobalSection
EndGlobal
